
Microsoft Visual Studio Solution File, Format Version 12.00
# Visual Studio Version 16
VisualStudioVersion = 16.0.28803.202
MinimumVisualStudioVersion = 10.0.40219.1
Project("{FAE04EC0-301F-11D3-BF4B-00C04F79EFBC}") = "AgeValidator", "AgeValidator\AgeValidator.csproj", "{50E346BD-ACCF-4283-8E96-6F9FA68E39F0}"
EndProject
Project("{9A19103F-16F7-4668-BE54-9A1E7A4F7556}") = "IDCodeReader", "..\IDCodeReader\IDCodeReader\IDCodeReader.csproj", "{3A9C18F7-DBEC-4EB8-9AED-475AE1BBE68D}"
EndProject
Project("{9A19103F-16F7-4668-BE54-9A1E7A4F7556}") = "Substring", "..\IDCodeReader\Substring\Substring.csproj", "{8F269303-8EEC-42C1-8085-26E03AC641EE}"
EndProject
Global
	GlobalSection(SolutionConfigurationPlatforms) = preSolution
		Debug|Any CPU = Debug|Any CPU
		Release|Any CPU = Release|Any CPU
	EndGlobalSection
	GlobalSection(ProjectConfigurationPlatforms) = postSolution
		{50E346BD-ACCF-4283-8E96-6F9FA68E39F0}.Debug|Any CPU.ActiveCfg = Debug|Any CPU
		{50E346BD-ACCF-4283-8E96-6F9FA68E39F0}.Debug|Any CPU.Build.0 = Debug|Any CPU
		{50E346BD-ACCF-4283-8E96-6F9FA68E39F0}.Release|Any CPU.ActiveCfg = Release|Any CPU
		{50E346BD-ACCF-4283-8E96-6F9FA68E39F0}.Release|Any CPU.Build.0 = Release|Any CPU
		{3A9C18F7-DBEC-4EB8-9AED-475AE1BBE68D}.Debug|Any CPU.ActiveCfg = Debug|Any CPU
		{3A9C18F7-DBEC-4EB8-9AED-475AE1BBE68D}.Debug|Any CPU.Build.0 = Debug|Any CPU
		{3A9C18F7-DBEC-4EB8-9AED-475AE1BBE68D}.Release|Any CPU.ActiveCfg = Release|Any CPU
		{3A9C18F7-DBEC-4EB8-9AED-475AE1BBE68D}.Release|Any CPU.Build.0 = Release|Any CPU
		{8F269303-8EEC-42C1-8085-26E03AC641EE}.Debug|Any CPU.ActiveCfg = Debug|Any CPU
		{8F269303-8EEC-42C1-8085-26E03AC641EE}.Debug|Any CPU.Build.0 = Debug|Any CPU
		{8F269303-8EEC-42C1-8085-26E03AC641EE}.Release|Any CPU.ActiveCfg = Release|Any CPU
		{8F269303-8EEC-42C1-8085-26E03AC641EE}.Release|Any CPU.Build.0 = Release|Any CPU
	EndGlobalSection
	GlobalSection(SolutionProperties) = preSolution
		HideSolutionNode = FALSE
	EndGlobalSection
	GlobalSection(ExtensibilityGlobals) = postSolution
		SolutionGuid = {465EAC5D-9517-4AF8-A6CA-E289676F5658}
	EndGlobalSection
EndGlobal
